
Microsoft Visual Studio Solution File, Format Version 12.00
# Visual Studio Version 16
VisualStudioVersion = 16.0.30611.23
MinimumVisualStudioVersion = 10.0.40219.1
Project("{FAE04EC0-301F-11D3-BF4B-00C04F79EFBC}") = "finalproject", "finalproject\finalproject.csproj", "{2E5CDE9E-7D2A-4940-AB35-871DA56FCFE1}"
EndProject
Global
	GlobalSection(SolutionConfigurationPlatforms) = preSolution
		Debug|Any CPU = Debug|Any CPU
		Release|Any CPU = Release|Any CPU
	EndGlobalSection
	GlobalSection(ProjectConfigurationPlatforms) = postSolution
		{2E5CDE9E-7D2A-4940-AB35-871DA56FCFE1}.Debug|Any CPU.ActiveCfg = Debug|Any CPU
		{2E5CDE9E-7D2A-4940-AB35-871DA56FCFE1}.Debug|Any CPU.Build.0 = Debug|Any CPU
		{2E5CDE9E-7D2A-4940-AB35-871DA56FCFE1}.Release|Any CPU.ActiveCfg = Release|Any CPU
		{2E5CDE9E-7D2A-4940-AB35-871DA56FCFE1}.Release|Any CPU.Build.0 = Release|Any CPU
	EndGlobalSection
	GlobalSection(SolutionProperties) = preSolution
		HideSolutionNode = FALSE
	EndGlobalSection
	GlobalSection(ExtensibilityGlobals) = postSolution
		SolutionGuid = {EE4093BF-47C1-4B04-9183-A036BAC2C609}
	EndGlobalSection
EndGlobal
